<?xml version="1.0" encoding="utf-8"?>
<Project ToolsVersion="4.0" xmlns="http://schemas.microsoft.com/developer/msbuild/2003">
  <ItemGroup>
    <Filter Include="Source Files">
      <UniqueIdentifier>{4FC737F1-C7A5-4376-A066-2A32D752A2FF}</UniqueIdentifier>
      <Extensions>cpp;c;cc;cxx;c++;cppm;ixx;def;odl;idl;hpj;bat;asm;asmx</Extensions>
    </Filter>
    <Filter Include="Header Files">
      <UniqueIdentifier>{93995380-89BD-4b04-88EB-625FBE52EBFB}</UniqueIdentifier>
      <Extensions>h;hh;hpp;hxx;h++;hm;inl;inc;ipp;xsd</Extensions>
    </Filter>
    <Filter Include="Resource Files">
      <UniqueIdentifier>{67DA6AB6-F800-4c08-8B7A-83BB121AAD01}</UniqueIdentifier>
      <Extensions>rc;ico;cur;bmp;dlg;rc2;rct;bin;rgs;gif;jpg;jpeg;jpe;resx;tiff;tif;png;wav;mfcribbon-ms</Extensions>
    </Filter>
    <Filter Include="BaseWindow">
      <UniqueIdentifier>{0496f65c-f566-4c40-89a0-dbdd472e523c}</UniqueIdentifier>
    </Filter>
    <Filter Include="GLFWInitializer">
      <UniqueIdentifier>{b53f86b5-5066-4bc2-a3a5-49e913a8e4a6}</UniqueIdentifier>
    </Filter>
    <Filter Include="Window">
      <UniqueIdentifier>{940e1a0d-373e-4d63-ad5f-446e6a024c2e}</UniqueIdentifier>
    </Filter>
    <Filter Include="DirectLight">
      <UniqueIdentifier>{9818d02d-2497-4d32-b863-55e1443c0d03}</UniqueIdentifier>
    </Filter>
    <Filter Include="Cuboctahedron">
      <UniqueIdentifier>{7baf96c9-5f3f-4961-b9d3-de804413ec07}</UniqueIdentifier>
    </Filter>
  </ItemGroup>
  <ItemGroup>
    <ClCompile Include="main.cpp">
      <Filter>Source Files</Filter>
    </ClCompile>
    <ClCompile Include="pch.cpp">
      <Filter>Source Files</Filter>
    </ClCompile>
    <ClCompile Include="BaseWindow.cpp">
      <Filter>BaseWindow</Filter>
    </ClCompile>
    <ClCompile Include="GLFWInitializer.cpp">
      <Filter>GLFWInitializer</Filter>
    </ClCompile>
    <ClCompile Include="Window.cpp">
      <Filter>Window</Filter>
    </ClCompile>
    <ClCompile Include="DirectLight.cpp">
      <Filter>DirectLight</Filter>
    </ClCompile>
    <ClCompile Include="Cuboctahedron.cpp">
      <Filter>Cuboctahedron</Filter>
    </ClCompile>
  </ItemGroup>
  <ItemGroup>
    <ClInclude Include="pch.h">
      <Filter>Header Files</Filter>
    </ClInclude>
    <ClInclude Include="BaseWindow.h">
      <Filter>BaseWindow</Filter>
    </ClInclude>
    <ClInclude Include="GLFWInitializer.h">
      <Filter>GLFWInitializer</Filter>
    </ClInclude>
    <ClInclude Include="Window.h">
      <Filter>Window</Filter>
    </ClInclude>
    <ClInclude Include="DirectLight.h">
      <Filter>DirectLight</Filter>
    </ClInclude>
    <ClInclude Include="Cuboctahedron.h">
      <Filter>Cuboctahedron</Filter>
    </ClInclude>
  </ItemGroup>
</Project>